
Microsoft Visual Studio Solution File, Format Version 12.00
# Visual Studio Version 17
VisualStudioVersion = 17.12.35527.113
MinimumVisualStudioVersion = 10.0.40219.1
Project("{FAE04EC0-301F-11D3-BF4B-00C04F79EFBC}") = "Example", "example\Example.csproj", "{131F0A02-1600-4731-9CC6-0003D0E76147}"
EndProject
Project("{FAE04EC0-301F-11D3-BF4B-00C04F79EFBC}") = "Finance.NET", "src\Finance.NET.csproj", "{9C0E7C0F-672C-43CE-A1EF-45FAA86A0DB9}"
EndProject
Project("{FAE04EC0-301F-11D3-BF4B-00C04F79EFBC}") = "Tests", "tests\Tests.csproj", "{50343667-AF9C-49F8-9F57-E6FF157114D7}"
EndProject
Project("{2150E333-8FDC-42A3-9474-1A3956D46DE8}") = "Solution Items", "Solution Items", "{1AC96238-D4F7-4B75-82EF-2EAD87CC9522}"
	ProjectSection(SolutionItems) = preProject
		.editorconfig = .editorconfig
		.gitattributes = .gitattributes
		.gitignore = .gitignore
		CODE_OF_CONDUCT.md = CODE_OF_CONDUCT.md
		LICENSE = LICENSE
		licenses.txt = licenses.txt
		README.md = README.md
	EndProjectSection
EndProject
Project("{2150E333-8FDC-42A3-9474-1A3956D46DE8}") = "workflows", "workflows", "{F1FD197B-FC16-4077-9907-D1FDDFCBC34A}"
	ProjectSection(SolutionItems) = preProject
		.github\workflows\ci.yml = .github\workflows\ci.yml
		.github\workflows\deploy-nuget.yml = .github\workflows\deploy-nuget.yml
		.github\workflows\tests-alphavantage.yml = .github\workflows\tests-alphavantage.yml
		.github\workflows\tests-datahub.yml = .github\workflows\tests-datahub.yml
		.github\workflows\tests-xetra.yml = .github\workflows\tests-xetra.yml
		.github\workflows\tests-yahoo.yml = .github\workflows\tests-yahoo.yml
		.github\workflows\_tests-template.yml = .github\workflows\_tests-template.yml
	EndProjectSection
EndProject
Global
	GlobalSection(SolutionConfigurationPlatforms) = preSolution
		Debug|Any CPU = Debug|Any CPU
		Release|Any CPU = Release|Any CPU
	EndGlobalSection
	GlobalSection(ProjectConfigurationPlatforms) = postSolution
		{131F0A02-1600-4731-9CC6-0003D0E76147}.Debug|Any CPU.ActiveCfg = Debug|Any CPU
		{131F0A02-1600-4731-9CC6-0003D0E76147}.Debug|Any CPU.Build.0 = Debug|Any CPU
		{131F0A02-1600-4731-9CC6-0003D0E76147}.Release|Any CPU.ActiveCfg = Release|Any CPU
		{131F0A02-1600-4731-9CC6-0003D0E76147}.Release|Any CPU.Build.0 = Release|Any CPU
		{9C0E7C0F-672C-43CE-A1EF-45FAA86A0DB9}.Debug|Any CPU.ActiveCfg = Debug|Any CPU
		{9C0E7C0F-672C-43CE-A1EF-45FAA86A0DB9}.Debug|Any CPU.Build.0 = Debug|Any CPU
		{9C0E7C0F-672C-43CE-A1EF-45FAA86A0DB9}.Release|Any CPU.ActiveCfg = Release|Any CPU
		{9C0E7C0F-672C-43CE-A1EF-45FAA86A0DB9}.Release|Any CPU.Build.0 = Release|Any CPU
		{50343667-AF9C-49F8-9F57-E6FF157114D7}.Debug|Any CPU.ActiveCfg = Debug|Any CPU
		{50343667-AF9C-49F8-9F57-E6FF157114D7}.Debug|Any CPU.Build.0 = Debug|Any CPU
		{50343667-AF9C-49F8-9F57-E6FF157114D7}.Release|Any CPU.ActiveCfg = Release|Any CPU
		{50343667-AF9C-49F8-9F57-E6FF157114D7}.Release|Any CPU.Build.0 = Release|Any CPU
	EndGlobalSection
	GlobalSection(SolutionProperties) = preSolution
		HideSolutionNode = FALSE
	EndGlobalSection
	GlobalSection(NestedProjects) = preSolution
		{F1FD197B-FC16-4077-9907-D1FDDFCBC34A} = {1AC96238-D4F7-4B75-82EF-2EAD87CC9522}
	EndGlobalSection
EndGlobal
